
Microsoft Visual Studio Solution File, Format Version 12.00
# Visual Studio 15
VisualStudioVersion = 15.0.27703.2018
MinimumVisualStudioVersion = 10.0.40219.1
Project("{FAE04EC0-301F-11D3-BF4B-00C04F79EFBC}") = "AuroraFramework", "AuroraFramework\AuroraFramework.csproj", "{610F14BA-3676-4CF2-87C5-F63F0D652D19}"
EndProject
Global
	GlobalSection(SolutionConfigurationPlatforms) = preSolution
		Debug|Any CPU = Debug|Any CPU
		Release|Any CPU = Release|Any CPU
	EndGlobalSection
	GlobalSection(ProjectConfigurationPlatforms) = postSolution
		{610F14BA-3676-4CF2-87C5-F63F0D652D19}.Debug|Any CPU.ActiveCfg = Debug|Any CPU
		{610F14BA-3676-4CF2-87C5-F63F0D652D19}.Debug|Any CPU.Build.0 = Debug|Any CPU
		{610F14BA-3676-4CF2-87C5-F63F0D652D19}.Release|Any CPU.ActiveCfg = Release|Any CPU
		{610F14BA-3676-4CF2-87C5-F63F0D652D19}.Release|Any CPU.Build.0 = Release|Any CPU
	EndGlobalSection
	GlobalSection(SolutionProperties) = preSolution
		HideSolutionNode = FALSE
	EndGlobalSection
	GlobalSection(ExtensibilityGlobals) = postSolution
		SolutionGuid = {29A9448A-FBB8-48CB-93DA-C1F170EAC012}
	EndGlobalSection
EndGlobal
